version = 1
revision = 3
requires-python = ">=3.14"

[[package]]
name = "azure-core"
version = "1.40.0"
source = { registry = "https://pypi.org/simple" }
dependencies = [
    { name = "requests" },
    { name = "typing-extensions" },
]
sdist = { url = "https://files.pythonhosted.org/packages/ce/d9/6f5972b44761277394527a3a76af5ae2ef82fc5f20ce351abf0c826eca67/azure_core-1.40.0.tar.gz", hash = "sha256:ecf5b6ddf2564471fae9d576147b7e77a4da285958b2d9f4fd6c3af104f3e9d7", size = 380057, upload-time = "2026-05-01T00:59:45.488Z" }
wheels = [
    { url = "https://files.pythonhosted.org/packages/ec/c9/25edc67692fb17523c7d29c73898be649b4d3c7ae13cc0f74f5c91938022/azure_core-1.40.0-py3-none-any.whl", hash = "sha256:7f3ea02579b1bb1d34e45043423b650621d11d7c2ea3b05e5554010080b78dfd", size = 220450, upload-time = "2026-05-01T00:59:47.17Z" },
]

[[package]]
name = "azure-identity"
version = "1.25.3"
source = { registry = "https://pypi.org/simple" }
dependencies = [
    { name = "azure-core" },
    { name = "cryptography" },
    { name = "msal" },
    { name = "msal-extensions" },
    { name = "typing-extensions" },
]
sdist = { url = "https://files.pythonhosted.org/packages/c5/0e/3a63efb48aa4a5ae2cfca61ee152fbcb668092134d3eb8bfda472dd5c617/azure_identity-1.25.3.tar.gz", hash = "sha256:ab23c0d63015f50b630ef6c6cf395e7262f439ce06e5d07a64e874c724f8d9e6", size = 286304, upload-time = "2026-03-13T01:12:20.892Z" }
wheels = [
    { url = "https://files.pythonhosted.org/packages/49/9a/417b3a533e01953a7c618884df2cb05a71e7b68bdbce4fbdb62349d2a2e8/azure_identity-1.25.3-py3-none-any.whl", hash = "sha256:f4d0b956a8146f30333e071374171f3cfa7bdb8073adb8c3814b65567aa7447c", size = 192138, upload-time = "2026-03-13T01:12:22.951Z" },
]

[[package]]
name = "beautifulsoup4"
version = "4.11.2"
source = { registry = "https://pypi.org/simple" }
dependencies = [
    { name = "soupsieve" },
]
sdist = { url = "https://files.pythonhosted.org/packages/75/f8/de84282681c5a8307f3fff67b64641627b2652752d49d9222b77400d02b8/beautifulsoup4-4.11.2.tar.gz", hash = "sha256:bc4bdda6717de5a2987436fb8d72f45dc90dd856bdfd512a1314ce90349a0106", size = 517627, upload-time = "2023-01-31T17:59:13.9Z" }
wheels = [
    { url = "https://files.pythonhosted.org/packages/c6/ee/16d6f808f5668317d7c23f942091fbc694bcded6aa39678e5167f61b2ba0/beautifulsoup4-4.11.2-py3-none-any.whl", hash = "sha256:0e79446b10b3ecb499c1556f7e228a53e64a2bfcebd455f370d8927cb5b59e39", size = 129388, upload-time = "2023-01-31T17:59:12.498Z" },
]

[[package]]
name = "binutils"
version = "0.1.0"
source = { virtual = "." }
dependencies = [
    { name = "beautifulsoup4" },
    { name = "black" },
    { name = "pydo" },
    { name = "requests" },
    { name = "tenacity" },
]

[package.metadata]
requires-dist = [
    { name = "beautifulsoup4", specifier = "~=4.11.1" },
    { name = "black", specifier = ">=26.3.1" },
    { name = "pydo", specifier = ">=0.33.0" },
    { name = "requests", specifier = "~=2.27.1" },
    { name = "tenacity", specifier = ">=9.1.4" },
]

[[package]]
name = "black"
version = "26.3.1"
source = { registry = "https://pypi.org/simple" }
dependencies = [
    { name = "click" },
    { name = "mypy-extensions" },
    { name = "packaging" },
    { name = "pathspec" },
    { name = "platformdirs" },
    { name = "pytokens" },
]
sdist = { url = "https://files.pythonhosted.org/packages/e1/c5/61175d618685d42b005847464b8fb4743a67b1b8fdb75e50e5a96c31a27a/black-26.3.1.tar.gz", hash = "sha256:2c50f5063a9641c7eed7795014ba37b0f5fa227f3d408b968936e24bc0566b07", size = 666155, upload-time = "2026-03-12T03:36:03.593Z" }
wheels = [
    { url = "https://files.pythonhosted.org/packages/d5/da/e36e27c9cebc1311b7579210df6f1c86e50f2d7143ae4fcf8a5017dc8809/black-26.3.1-cp314-cp314-macosx_10_15_x86_64.whl", hash = "sha256:2d6bfaf7fd0993b420bed691f20f9492d53ce9a2bcccea4b797d34e947318a78", size = 1889234, upload-time = "2026-03-12T03:40:30.964Z" },
    { url = "https://files.pythonhosted.org/packages/0e/7b/9871acf393f64a5fa33668c19350ca87177b181f44bb3d0c33b2d534f22c/black-26.3.1-cp314-cp314-macosx_11_0_arm64.whl", hash = "sha256:f89f2ab047c76a9c03f78d0d66ca519e389519902fa27e7a91117ef7611c0568", size = 1720522, upload-time = "2026-03-12T03:40:32.346Z" },
    { url = "https://files.pythonhosted.org/packages/03/87/e766c7f2e90c07fb7586cc787c9ae6462b1eedab390191f2b7fc7f6170a9/black-26.3.1-cp314-cp314-manylinux2014_x86_64.manylinux_2_17_x86_64.manylinux_2_28_x86_64.whl", hash = "sha256:b07fc0dab849d24a80a29cfab8d8a19187d1c4685d8a5e6385a5ce323c1f015f", size = 1787824, upload-time = "2026-03-12T03:40:33.636Z" },
    { url = "https://files.pythonhosted.org/packages/ac/94/2424338fb2d1875e9e83eed4c8e9c67f6905ec25afd826a911aea2b02535/black-26.3.1-cp314-cp314-win_amd64.whl", hash = "sha256:0126ae5b7c09957da2bdbd91a9ba1207453feada9e9fe51992848658c6c8e01c", size = 1445855, upload-time = "2026-03-12T03:40:35.442Z" },
    { url = "https://files.pythonhosted.org/packages/86/43/0c3338bd928afb8ee7471f1a4eec3bdbe2245ccb4a646092a222e8669840/black-26.3.1-cp314-cp314-win_arm64.whl", hash = "sha256:92c0ec1f2cc149551a2b7b47efc32c866406b6891b0ee4625e95967c8f4acfb1", size = 1258109, upload-time = "2026-03-12T03:40:36.832Z" },
    { url = "https://files.pythonhosted.org/packages/8e/0d/52d98722666d6fc6c3dd4c76df339501d6efd40e0ff95e6186a7b7f0befd/black-26.3.1-py3-none-any.whl", hash = "sha256:2bd5aa94fc267d38bb21a70d7410a89f1a1d318841855f698746f8e7f51acd1b", size = 207542, upload-time = "2026-03-12T03:36:01.668Z" },
]

[[package]]
name = "certifi"
version = "2026.4.22"
source = { registry = "https://pypi.org/simple" }
sdist = { url = "https://files.pythonhosted.org/packages/25/ee/6caf7a40c36a1220410afe15a1cc64993a1f864871f698c0f93acb72842a/certifi-2026.4.22.tar.gz", hash = "sha256:8d455352a37b71bf76a79caa83a3d6c25afee4a385d632127b6afb3963f1c580", size = 137077, upload-time = "2026-04-22T11:26:11.191Z" }
wheels = [
    { url = "https://files.pythonhosted.org/packages/22/30/7cd8fdcdfbc5b869528b079bfb76dcdf6056b1a2097a662e5e8c04f42965/certifi-2026.4.22-py3-none-any.whl", hash = "sha256:3cb2210c8f88ba2318d29b0388d1023c8492ff72ecdde4ebdaddbb13a31b1c4a", size = 135707, upload-time = "2026-04-22T11:26:09.372Z" },
]

[[package]]
name = "cffi"
version = "2.0.0"
source = { registry = "https://pypi.org/simple" }
dependencies = [
    { name = "pycparser", marker = "implementation_name != 'PyPy'" },
]
sdist = { url = "https://files.pythonhosted.org/packages/eb/56/b1ba7935a17738ae8453301356628e8147c79dbb825bcbc73dc7401f9846/cffi-2.0.0.tar.gz", hash = "sha256:44d1b5909021139fe36001ae048dbdde8214afa20200eda0f64c068cac5d5529", size = 523588, upload-time = "2025-09-08T23:24:04.541Z" }
wheels = [
    { url = "https://files.pythonhosted.org/packages/92/c4/3ce07396253a83250ee98564f8d7e9789fab8e58858f35d07a9a2c78de9f/cffi-2.0.0-cp314-cp314-macosx_10_13_x86_64.whl", hash = "sha256:fc33c5141b55ed366cfaad382df24fe7dcbc686de5be719b207bb248e3053dc5", size = 185320, upload-time = "2025-09-08T23:23:18.087Z" },
    { url = "https://files.pythonhosted.org/packages/59/dd/27e9fa567a23931c838c6b02d0764611c62290062a6d4e8ff7863daf9730/cffi-2.0.0-cp314-cp314-macosx_11_0_arm64.whl", hash = "sha256:c654de545946e0db659b3400168c9ad31b5d29593291482c43e3564effbcee13", size = 181487, upload-time = "2025-09-08T23:23:19.622Z" },
    { url = "https://files.pythonhosted.org/packages/d6/43/0e822876f87ea8a4ef95442c3d766a06a51fc5298823f884ef87aaad168c/cffi-2.0.0-cp314-cp314-manylinux2014_aarch64.manylinux_2_17_aarch64.whl", hash = "sha256:24b6f81f1983e6df8db3adc38562c83f7d4a0c36162885ec7f7b77c7dcbec97b", size = 220049, upload-time = "2025-09-08T23:23:20.853Z" },
    { url = "https://files.pythonhosted.org/packages/b4/89/76799151d9c2d2d1ead63c2429da9ea9d7aac304603de0c6e8764e6e8e70/cffi-2.0.0-cp314-cp314-manylinux2014_ppc64le.manylinux_2_17_ppc64le.whl", hash = "sha256:12873ca6cb9b0f0d3a0da705d6086fe911591737a59f28b7936bdfed27c0d47c", size = 207793, upload-time = "2025-09-08T23:23:22.08Z" },
    { url = "https://files.pythonhosted.org/packages/bb/dd/3465b14bb9e24ee24cb88c9e3730f6de63111fffe513492bf8c808a3547e/cffi-2.0.0-cp314-cp314-manylinux2014_s390x.manylinux_2_17_s390x.whl", hash = "sha256:d9b97165e8aed9272a6bb17c01e3cc5871a594a446ebedc996e2397a1c1ea8ef", size = 206300, upload-time = "2025-09-08T23:23:23.314Z" },
    { url = "https://files.pythonhosted.org/packages/47/d9/d83e293854571c877a92da46fdec39158f8d7e68da75bf73581225d28e90/cffi-2.0.0-cp314-cp314-manylinux2014_x86_64.manylinux_2_17_x86_64.whl", hash = "sha256:afb8db5439b81cf9c9d0c80404b60c3cc9c3add93e114dcae767f1477cb53775", size = 219244, upload-time = "2025-09-08T23:23:24.541Z" },
    { url = "https://files.pythonhosted.org/packages/2b/0f/1f177e3683aead2bb00f7679a16451d302c436b5cbf2505f0ea8146ef59e/cffi-2.0.0-cp314-cp314-musllinux_1_2_aarch64.whl", hash = "sha256:737fe7d37e1a1bffe70bd5754ea763a62a066dc5913ca57e957824b72a85e205", size = 222828, upload-time = "2025-09-08T23:23:26.143Z" },
    { url = "https://files.pythonhosted.org/packages/c6/0f/cafacebd4b040e3119dcb32fed8bdef8dfe94da653155f9d0b9dc660166e/cffi-2.0.0-cp314-cp314-musllinux_1_2_x86_64.whl", hash = "sha256:38100abb9d1b1435bc4cc340bb4489635dc2f0da7456590877030c9b3d40b0c1", size = 220926, upload-time = "2025-09-08T23:23:27.873Z" },
    { url = "https://files.pythonhosted.org/packages/3e/aa/df335faa45b395396fcbc03de2dfcab242cd61a9900e914fe682a59170b1/cffi-2.0.0-cp314-cp314-win32.whl", hash = "sha256:087067fa8953339c723661eda6b54bc98c5625757ea62e95eb4898ad5e776e9f", size = 175328, upload-time = "2025-09-08T23:23:44.61Z" },
    { url = "https://files.pythonhosted.org/packages/bb/92/882c2d30831744296ce713f0feb4c1cd30f346ef747b530b5318715cc367/cffi-2.0.0-cp314-cp314-win_amd64.whl", hash = "sha256:203a48d1fb583fc7d78a4c6655692963b860a417c0528492a6bc21f1aaefab25", size = 185650, upload-time = "2025-09-08T23:23:45.848Z" },
    { url = "https://files.pythonhosted.org/packages/9f/2c/98ece204b9d35a7366b5b2c6539c350313ca13932143e79dc133ba757104/cffi-2.0.0-cp314-cp314-win_arm64.whl", hash = "sha256:dbd5c7a25a7cb98f5ca55d258b103a2054f859a46ae11aaf23134f9cc0d356ad", size = 180687, upload-time = "2025-09-08T23:23:47.105Z" },
    { url = "https://files.pythonhosted.org/packages/3e/61/c768e4d548bfa607abcda77423448df8c471f25dbe64fb2ef6d555eae006/cffi-2.0.0-cp314-cp314t-macosx_10_13_x86_64.whl", hash = "sha256:9a67fc9e8eb39039280526379fb3a70023d77caec1852002b4da7e8b270c4dd9", size = 188773, upload-time = "2025-09-08T23:23:29.347Z" },
    { url = "https://files.pythonhosted.org/packages/2c/ea/5f76bce7cf6fcd0ab1a1058b5af899bfbef198bea4d5686da88471ea0336/cffi-2.0.0-cp314-cp314t-macosx_11_0_arm64.whl", hash = "sha256:7a66c7204d8869299919db4d5069a82f1561581af12b11b3c9f48c584eb8743d", size = 185013, upload-time = "2025-09-08T23:23:30.63Z" },
    { url = "https://files.pythonhosted.org/packages/be/b4/c56878d0d1755cf9caa54ba71e5d049479c52f9e4afc230f06822162ab2f/cffi-2.0.0-cp314-cp314t-manylinux2014_aarch64.manylinux_2_17_aarch64.whl", hash = "sha256:7cc09976e8b56f8cebd752f7113ad07752461f48a58cbba644139015ac24954c", size = 221593, upload-time = "2025-09-08T23:23:31.91Z" },
    { url = "https://files.pythonhosted.org/packages/e0/0d/eb704606dfe8033e7128df5e90fee946bbcb64a04fcdaa97321309004000/cffi-2.0.0-cp314-cp314t-manylinux2014_ppc64le.manylinux_2_17_ppc64le.whl", hash = "sha256:92b68146a71df78564e4ef48af17551a5ddd142e5190cdf2c5624d0c3ff5b2e8", size = 209354, upload-time = "2025-09-08T23:23:33.214Z" },
    { url = "https://files.pythonhosted.org/packages/d8/19/3c435d727b368ca475fb8742ab97c9cb13a0de600ce86f62eab7fa3eea60/cffi-2.0.0-cp314-cp314t-manylinux2014_s390x.manylinux_2_17_s390x.whl", hash = "sha256:b1e74d11748e7e98e2f426ab176d4ed720a64412b6a15054378afdb71e0f37dc", size = 208480, upload-time = "2025-09-08T23:23:34.495Z" },
    { url = "https://files.pythonhosted.org/packages/d0/44/681604464ed9541673e486521497406fadcc15b5217c3e326b061696899a/cffi-2.0.0-cp314-cp314t-manylinux2014_x86_64.manylinux_2_17_x86_64.whl", hash = "sha256:28a3a209b96630bca57cce802da70c266eb08c6e97e5afd61a75611ee6c64592", size = 221584, upload-time = "2025-09-08T23:23:36.096Z" },
    { url = "https://files.pythonhosted.org/packages/25/8e/342a504ff018a2825d395d44d63a767dd8ebc927ebda557fecdaca3ac33a/cffi-2.0.0-cp314-cp314t-musllinux_1_2_aarch64.whl", hash = "sha256:7553fb2090d71822f02c629afe6042c299edf91ba1bf94951165613553984512", size = 224443, upload-time = "2025-09-08T23:23:37.328Z" },
    { url = "https://files.pythonhosted.org/packages/e1/5e/b666bacbbc60fbf415ba9988324a132c9a7a0448a9a8f125074671c0f2c3/cffi-2.0.0-cp314-cp314t-musllinux_1_2_x86_64.whl", hash = "sha256:6c6c373cfc5c83a975506110d17457138c8c63016b563cc9ed6e056a82f13ce4", size = 223437, upload-time = "2025-09-08T23:23:38.945Z" },
    { url = "https://files.pythonhosted.org/packages/a0/1d/ec1a60bd1a10daa292d3cd6bb0b359a81607154fb8165f3ec95fe003b85c/cffi-2.0.0-cp314-cp314t-win32.whl", hash = "sha256:1fc9ea04857caf665289b7a75923f2c6ed559b8298a1b8c49e59f7dd95c8481e", size = 180487, upload-time = "2025-09-08T23:23:40.423Z" },
    { url = "https://files.pythonhosted.org/packages/bf/41/4c1168c74fac325c0c8156f04b6749c8b6a8f405bbf91413ba088359f60d/cffi-2.0.0-cp314-cp314t-win_amd64.whl", hash = "sha256:d68b6cef7827e8641e8ef16f4494edda8b36104d79773a334beaa1e3521430f6", size = 191726, upload-time = "2025-09-08T23:23:41.742Z" },
    { url = "https://files.pythonhosted.org/packages/ae/3a/dbeec9d1ee0844c679f6bb5d6ad4e9f198b1224f4e7a32825f47f6192b0c/cffi-2.0.0-cp314-cp314t-win_arm64.whl", hash = "sha256:0a1527a803f0a659de1af2e1fd700213caba79377e27e4693648c2923da066f9", size = 184195, upload-time = "2025-09-08T23:23:43.004Z" },
]

[[package]]
name = "charset-normalizer"
version = "2.0.12"
source = { registry = "https://pypi.org/simple" }
sdist = { url = "https://files.pythonhosted.org/packages/56/31/7bcaf657fafb3c6db8c787a865434290b726653c912085fbd371e9b92e1c/charset-normalizer-2.0.12.tar.gz", hash = "sha256:2857e29ff0d34db842cd7ca3230549d1a697f96ee6d3fb071cfa6c7393832597", size = 79105, upload-time = "2022-02-12T14:33:13.788Z" }
wheels = [
    { url = "https://files.pythonhosted.org/packages/06/b3/24afc8868eba069a7f03650ac750a778862dc34941a4bebeb58706715726/charset_normalizer-2.0.12-py3-none-any.whl", hash = "sha256:6881edbebdb17b39b4eaaa821b438bf6eddffb4468cf344f09f89def34a8b1df", size = 39623, upload-time = "2022-02-12T14:33:12.294Z" },
]

[[package]]
name = "click"
version = "8.3.3"
source = { registry = "https://pypi.org/simple" }
dependencies = [
    { name = "colorama", marker = "sys_platform == 'win32'" },
]
sdist = { url = "https://files.pythonhosted.org/packages/bb/63/f9e1ea081ce35720d8b92acde70daaedace594dc93b693c869e0d5910718/click-8.3.3.tar.gz", hash = "sha256:398329ad4837b2ff7cbe1dd166a4c0f8900c3ca3a218de04466f38f6497f18a2", size = 328061, upload-time = "2026-04-22T15:11:27.506Z" }
wheels = [
    { url = "https://files.pythonhosted.org/packages/ae/44/c1221527f6a71a01ec6fbad7fa78f1d50dfa02217385cf0fa3eec7087d59/click-8.3.3-py3-none-any.whl", hash = "sha256:a2bf429bb3033c89fa4936ffb35d5cb471e3719e1f3c8a7c3fff0b8314305613", size = 110502, upload-time = "2026-04-22T15:11:25.044Z" },
]

[[package]]
name = "colorama"
version = "0.4.6"
source = { registry = "https://pypi.org/simple" }
sdist = { url = "https://files.pythonhosted.org/packages/d8/53/6f443c9a4a8358a93a6792e2acffb9d9d5cb0a5cfd8802644b7b1c9a02e4/colorama-0.4.6.tar.gz", hash = "sha256:08695f5cb7ed6e0531a20572697297273c47b8cae5a63ffc6d6ed5c201be6e44", size = 27697, upload-time = "2022-10-25T02:36:22.414Z" }
wheels = [
    { url = "https://files.pythonhosted.org/packages/d1/d6/3965ed04c63042e047cb6a3e6ed1a63a35087b6a609aa3a15ed8ac56c221/colorama-0.4.6-py2.py3-none-any.whl", hash = "sha256:4f1d9991f5acc0ca119f9d443620b77f9d6b33703e51011c16baf57afb285fc6", size = 25335, upload-time = "2022-10-25T02:36:20.889Z" },
]

[[package]]
name = "cryptography"
version = "47.0.0"
source = { registry = "https://pypi.org/simple" }
dependencies = [
    { name = "cffi", marker = "platform_python_implementation != 'PyPy'" },
]
sdist = { url = "https://files.pythonhosted.org/packages/ef/b2/7ffa7fe8207a8c42147ffe70c3e360b228160c1d85dc3faff16aaa3244c0/cryptography-47.0.0.tar.gz", hash = "sha256:9f8e55fe4e63613a5e1cc5819030f27b97742d720203a087802ce4ce9ceb52bb", size = 830863, upload-time = "2026-04-24T19:54:57.056Z" }
wheels = [
    { url = "https://files.pythonhosted.org/packages/a4/98/40dfe932134bdcae4f6ab5927c87488754bf9eb79297d7e0070b78dd58e9/cryptography-47.0.0-cp311-abi3-macosx_10_9_universal2.whl", hash = "sha256:160ad728f128972d362e714054f6ba0067cab7fb350c5202a9ae8ae4ce3ef1a0", size = 7912214, upload-time = "2026-04-24T19:53:03.864Z" },
    { url = "https://files.pythonhosted.org/packages/34/c6/2733531243fba725f58611b918056b277692f1033373dcc8bd01af1c05d4/cryptography-47.0.0-cp311-abi3-manylinux2014_aarch64.manylinux_2_17_aarch64.whl", hash = "sha256:b9a8943e359b7615db1a3ba587994618e094ff3d6fa5a390c73d079ce18b3973", size = 4644617, upload-time = "2026-04-24T19:53:06.909Z" },
    { url = "https://files.pythonhosted.org/packages/00/e3/b27be1a670a9b87f855d211cf0e1174a5d721216b7616bd52d8581d912ed/cryptography-47.0.0-cp311-abi3-manylinux2014_x86_64.manylinux_2_17_x86_64.whl", hash = "sha256:f5c15764f261394b22aef6b00252f5195f46f2ca300bec57149474e2538b31f8", size = 4668186, upload-time = "2026-04-24T19:53:09.053Z" },
    { url = "https://files.pythonhosted.org/packages/81/b9/8443cfe5d17d482d348cee7048acf502bb89a51b6382f06240fd290d4ca3/cryptography-47.0.0-cp311-abi3-manylinux_2_28_aarch64.whl", hash = "sha256:9c59ab0e0fa3a180a5a9c59f3a5abe3ef90d474bc56d7fadfbe80359491b615b", size = 4651244, upload-time = "2026-04-24T19:53:11.217Z" },
    { url = "https://files.pythonhosted.org/packages/5d/5e/13ed0cdd0eb88ba159d6dd5ebfece8cb901dbcf1ae5ac4072e28b55d3153/cryptography-47.0.0-cp311-abi3-manylinux_2_28_ppc64le.whl", hash = "sha256:34b4358b925a5ea3e14384ca781a2c0ef7ac219b57bb9eacc4457078e2b19f92", size = 5252906, upload-time = "2026-04-24T19:53:13.532Z" },
    { url = "https://files.pythonhosted.org/packages/64/16/ed058e1df0f33d440217cd120d41d5dda9dd215a80b8187f68483185af82/cryptography-47.0.0-cp311-abi3-manylinux_2_28_x86_64.whl", hash = "sha256:0024b87d47ae2399165a6bfb20d24888881eeab83ae2566d62467c5ff0030ce7", size = 4701842, upload-time = "2026-04-24T19:53:15.618Z" },
    { url = "https://files.pythonhosted.org/packages/02/e0/3d30986b30fdbd9e969abbdf8ba00ed0618615144341faeb57f395a084fe/cryptography-47.0.0-cp311-abi3-manylinux_2_31_armv7l.whl", hash = "sha256:1e47422b5557bb82d3fff997e8d92cff4e28b9789576984f08c248d2b3535d93", size = 4289313, upload-time = "2026-04-24T19:53:17.755Z" },
    { url = "https://files.pythonhosted.org/packages/df/fd/32db38e3ad0cb331f0691cb4c7a8a6f176f679124dee746b3af6633db4d9/cryptography-47.0.0-cp311-abi3-manylinux_2_34_aarch64.whl", hash = "sha256:6f29f36582e6151d9686235e586dd35bb67491f024767d10b842e520dc6a07ac", size = 4650964, upload-time = "2026-04-24T19:53:20.062Z" },
    { url = "https://files.pythonhosted.org/packages/86/53/5395d944dfd48cb1f67917f533c609c34347185ef15eb4308024c876f274/cryptography-47.0.0-cp311-abi3-manylinux_2_34_ppc64le.whl", hash = "sha256:a9b761f012a943b7de0e828843c5688d0de94a0578d44d6c85a1bae32f87791f", size = 5207817, upload-time = "2026-04-24T19:53:22.498Z" },
    { url = "https://files.pythonhosted.org/packages/34/4f/e5711b28e1901f7d480a2b1b688b645aa4c77c73f10731ed17e7f7db3f0d/cryptography-47.0.0-cp311-abi3-manylinux_2_34_x86_64.whl", hash = "sha256:4e1de79e047e25d6e9f8cea71c86b4a53aced64134f0f003bbcbf3655fd172c8", size = 4701544, upload-time = "2026-04-24T19:53:24.356Z" },
    { url = "https://files.pythonhosted.org/packages/22/22/c8ddc25de3010fc8da447648f5a092c40e7a8fadf01dd6d255d9c0b9373d/cryptography-47.0.0-cp311-abi3-musllinux_1_2_aarch64.whl", hash = "sha256:ef6b3634087f18d2155b1e8ce264e5345a753da2c5fa9815e7d41315c90f8318", size = 4783536, upload-time = "2026-04-24T19:53:26.665Z" },
    { url = "https://files.pythonhosted.org/packages/66/b6/d4a68f4ea999c6d89e8498579cba1c5fcba4276284de7773b17e4fa69293/cryptography-47.0.0-cp311-abi3-musllinux_1_2_x86_64.whl", hash = "sha256:11dbb9f50a0f1bb9757b3d8c27c1101780efb8f0bdecfb12439c22a74d64c001", size = 4926106, upload-time = "2026-04-24T19:53:28.686Z" },
    { url = "https://files.pythonhosted.org/packages/54/ed/5f524db1fade9c013aa618e1c99c6ed05e8ffc9ceee6cda22fed22dda3f4/cryptography-47.0.0-cp311-abi3-win32.whl", hash = "sha256:7fda2f02c9015db3f42bb8a22324a454516ed10a8c29ca6ece6cdbb5efe2a203", size = 3258581, upload-time = "2026-04-24T19:53:31.058Z" },
    { url = "https://files.pythonhosted.org/packages/b2/dc/1b901990b174786569029f67542b3edf72ac068b6c3c8683c17e6a2f5363/cryptography-47.0.0-cp311-abi3-win_amd64.whl", hash = "sha256:f5c3296dab66202f1b18a91fa266be93d6aa0c2806ea3d67762c69f60adc71aa", size = 3775309, upload-time = "2026-04-24T19:53:33.054Z" },
    { url = "https://files.pythonhosted.org/packages/14/88/7aa18ad9c11bc87689affa5ce4368d884b517502d75739d475fc6f4a03c7/cryptography-47.0.0-cp314-cp314t-macosx_10_9_universal2.whl", hash = "sha256:be12cb6a204f77ed968bcefe68086eb061695b540a3dd05edac507a3111b25f0", size = 7904299, upload-time = "2026-04-24T19:53:35.003Z" },
    { url = "https://files.pythonhosted.org/packages/07/55/c18f75724544872f234678fdedc871391722cb34a2aee19faa9f63100bb2/cryptography-47.0.0-cp314-cp314t-manylinux2014_aarch64.manylinux_2_17_aarch64.whl", hash = "sha256:2ebd84adf0728c039a3be2700289378e1c164afc6748df1a5ed456767bef9ba7", size = 4631180, upload-time = "2026-04-24T19:53:37.517Z" },
    { url = "https://files.pythonhosted.org/packages/ee/65/31a5cc0eaca99cec5bafffe155d407115d96136bb161e8b49e0ef73f09a7/cryptography-47.0.0-cp314-cp314t-manylinux2014_x86_64.manylinux_2_17_x86_64.whl", hash = "sha256:7f68d6fbc7fbbcfb0939fea72c3b96a9f9a6edfc0e1b1d29778a2066030418b1", size = 4653529, upload-time = "2026-04-24T19:53:39.775Z" },
    { url = "https://files.pythonhosted.org/packages/e5/bc/641c0519a495f3bfd0421b48d7cd325c4336578523ccd76ea322b6c29c7a/cryptography-47.0.0-cp314-cp314t-manylinux_2_28_aarch64.whl", hash = "sha256:6651d32eff255423503aa276739da98c30f26c40cbeffcc6048e0d54ef704c0c", size = 4638570, upload-time = "2026-04-24T19:53:42.129Z" },
    { url = "https://files.pythonhosted.org/packages/2b/f2/300327b0a47f6dc94dd8b71b57052aefe178bb51745073d73d80604f11ab/cryptography-47.0.0-cp314-cp314t-manylinux_2_28_ppc64le.whl", hash = "sha256:3fb8fa48075fad7193f2e5496135c6a76ac4b2aa5a38433df0a539296b377829", size = 5238019, upload-time = "2026-04-24T19:53:44.577Z" },
    { url = "https://files.pythonhosted.org/packages/e9/5a/5b5cf994391d4bf9d9c7efd4c66aabe4d95227256627f8fea6cff7dfadbd/cryptography-47.0.0-cp314-cp314t-manylinux_2_28_x86_64.whl", hash = "sha256:11438c7518132d95f354fa01a4aa2f806d172a061a7bed18cf18cbdacdb204d7", size = 4686832, upload-time = "2026-04-24T19:53:47.015Z" },
    { url = "https://files.pythonhosted.org/packages/dc/2c/ae950e28fd6475c852fc21a44db3e6b5bcc1261d1e370f2b6e42fa800fef/cryptography-47.0.0-cp314-cp314t-manylinux_2_31_armv7l.whl", hash = "sha256:8c1a736bbb3288005796c3f7ccb9453360d7fed483b13b9f468aea5171432923", size = 4269301, upload-time = "2026-04-24T19:53:48.97Z" },
    { url = "https://files.pythonhosted.org/packages/67/fb/6a39782e150ffe5cc1b0018cb6ddc48bf7ca62b498d7539ffc8a758e977d/cryptography-47.0.0-cp314-cp314t-manylinux_2_34_aarch64.whl", hash = "sha256:f1557695e5c2b86e204f6ce9470497848634100787935ab7adc5397c54abd7ab", size = 4638110, upload-time = "2026-04-24T19:53:51.011Z" },
    { url = "https://files.pythonhosted.org/packages/8e/d7/0b3c71090a76e5c203164a47688b697635ece006dcd2499ab3a4dbd3f0bd/cryptography-47.0.0-cp314-cp314t-manylinux_2_34_ppc64le.whl", hash = "sha256:f9a034b642b960767fb343766ae5ba6ad653f2e890ddd82955aef288ffea8736", size = 5194988, upload-time = "2026-04-24T19:53:52.962Z" },
    { url = "https://files.pythonhosted.org/packages/63/33/63a961498a9df51721ab578c5a2622661411fc520e00bd83b0cc64eb20c4/cryptography-47.0.0-cp314-cp314t-manylinux_2_34_x86_64.whl", hash = "sha256:b1c76fca783aa7698eb21eb14f9c4aa09452248ee54a627d125025a43f83e7a7", size = 4686563, upload-time = "2026-04-24T19:53:55.274Z" },
    { url = "https://files.pythonhosted.org/packages/b7/bf/5ee5b145248f92250de86145d1c1d6edebbd57a7fe7caa4dedb5d4cf06a1/cryptography-47.0.0-cp314-cp314t-musllinux_1_2_aarch64.whl", hash = "sha256:4f7722c97826770bab8ae92959a2e7b20a5e9e9bf4deae68fd86c3ca457bab52", size = 4770094, upload-time = "2026-04-24T19:53:57.753Z" },
    { url = "https://files.pythonhosted.org/packages/92/43/21d220b2da5d517773894dacdcdb5c682c28d3fffce65548cb06e87d5501/cryptography-47.0.0-cp314-cp314t-musllinux_1_2_x86_64.whl", hash = "sha256:09f6d7bf6724f8db8b32f11eccf23efc8e759924bc5603800335cf8859a3ddbd", size = 4913811, upload-time = "2026-04-24T19:54:00.236Z" },
    { url = "https://files.pythonhosted.org/packages/31/98/dc4ad376ac5f1a1a7d4a83f7b0c6f2bcad36b5d2d8f30aeb482d3a7d9582/cryptography-47.0.0-cp314-cp314t-win32.whl", hash = "sha256:6eebcaf0df1d21ce1f90605c9b432dd2c4f4ab665ac29a40d5e3fc68f51b5e63", size = 3237158, upload-time = "2026-04-24T19:54:02.606Z" },
    { url = "https://files.pythonhosted.org/packages/bc/da/97f62d18306b5133468bc3f8cc73a3111e8cdc8cf8d3e69474d6e5fd2d1b/cryptography-47.0.0-cp314-cp314t-win_amd64.whl", hash = "sha256:51c9313e90bd1690ec5a75ed047c27c0b8e6c570029712943d6116ef9a90620b", size = 3758706, upload-time = "2026-04-24T19:54:04.433Z" },
    { url = "https://files.pythonhosted.org/packages/e0/34/a4fae8ae7c3bc227460c9ae43f56abf1b911da0ec29e0ebac53bb0a4b6b7/cryptography-47.0.0-cp38-abi3-macosx_10_9_universal2.whl", hash = "sha256:14432c8a9bcb37009784f9594a62fae211a2ae9543e96c92b2a8e4c3cd5cd0c4", size = 7904072, upload-time = "2026-04-24T19:54:06.411Z" },
    { url = "https://files.pythonhosted.org/packages/01/64/d7b1e54fdb69f22d24a64bb3e88dc718b31c7fb10ef0b9691a3cf7eeea6e/cryptography-47.0.0-cp38-abi3-manylinux2014_aarch64.manylinux_2_17_aarch64.whl", hash = "sha256:07efe86201817e7d3c18781ca9770bc0db04e1e48c994be384e4602bc38f8f27", size = 4635767, upload-time = "2026-04-24T19:54:08.519Z" },
    { url = "https://files.pythonhosted.org/packages/8b/7b/cca826391fb2a94efdcdfe4631eb69306ee1cff0b22f664a412c90713877/cryptography-47.0.0-cp38-abi3-manylinux2014_x86_64.manylinux_2_17_x86_64.whl", hash = "sha256:2b45761c6ec22b7c726d6a829558777e32d0f1c8be7c3f3480f9c912d5ee8a10", size = 4654350, upload-time = "2026-04-24T19:54:10.795Z" },
    { url = "https://files.pythonhosted.org/packages/4c/65/4b57bcc823f42a991627c51c2f68c9fd6eb1393c1756aac876cba2accae2/cryptography-47.0.0-cp38-abi3-manylinux_2_28_aarch64.whl", hash = "sha256:edd4da498015da5b9f26d38d3bfc2e90257bfa9cbed1f6767c282a0025ae649b", size = 4643394, upload-time = "2026-04-24T19:54:13.275Z" },
    { url = "https://files.pythonhosted.org/packages/f4/c4/2c5fbeea70adbbca2bbae865e1d605d6a4a7f8dbd9d33eaf69645087f06c/cryptography-47.0.0-cp38-abi3-manylinux_2_28_ppc64le.whl", hash = "sha256:9af828c0d5a65c70ec729cd7495a4bf1a67ecb66417b8f02ff125ab8a6326a74", size = 5225777, upload-time = "2026-04-24T19:54:15.18Z" },
    { url = "https://files.pythonhosted.org/packages/7e/b8/ac57107ef32749d2b244e36069bb688792a363aaaa3acc9e3cf84c130315/cryptography-47.0.0-cp38-abi3-manylinux_2_28_x86_64.whl", hash = "sha256:256d07c78a04d6b276f5df935a9923275f53bd1522f214447fdf365494e2d515", size = 4688771, upload-time = "2026-04-24T19:54:17.835Z" },
    { url = "https://files.pythonhosted.org/packages/56/fc/9f1de22ff8be99d991f240a46863c52d475404c408886c5a38d2b5c3bb26/cryptography-47.0.0-cp38-abi3-manylinux_2_31_armv7l.whl", hash = "sha256:5d0e362ff51041b0c0d219cc7d6924d7b8996f57ce5712bdcef71eb3c65a59cc", size = 4270753, upload-time = "2026-04-24T19:54:19.963Z" },
    { url = "https://files.pythonhosted.org/packages/00/68/d70c852797aa68e8e48d12e5a87170c43f67bb4a59403627259dd57d15de/cryptography-47.0.0-cp38-abi3-manylinux_2_34_aarch64.whl", hash = "sha256:1581aef4219f7ca2849d0250edaa3866212fb74bf5667284f46aa92f9e65c1ca", size = 4642911, upload-time = "2026-04-24T19:54:21.818Z" },
    { url = "https://files.pythonhosted.org/packages/a5/51/661cbee74f594c5d97ff82d34f10d5551c085ca4668645f4606ebd22bd5d/cryptography-47.0.0-cp38-abi3-manylinux_2_34_ppc64le.whl", hash = "sha256:a49a3eb5341b9503fa3000a9a0db033161db90d47285291f53c2a9d2cd1b7f76", size = 5181411, upload-time = "2026-04-24T19:54:24.376Z" },
    { url = "https://files.pythonhosted.org/packages/94/87/f2b6c374a82cf076cfa1416992ac8e8ec94d79facc37aec87c1a5cb72352/cryptography-47.0.0-cp38-abi3-manylinux_2_34_x86_64.whl", hash = "sha256:2207a498b03275d0051589e326b79d4cf59985c99031b05bb292ac52631c37fe", size = 4688262, upload-time = "2026-04-24T19:54:26.946Z" },
    { url = "https://files.pythonhosted.org/packages/14/e2/8b7462f4acf21ec509616f0245018bb197194ab0b65c2ea21a0bdd53c0eb/cryptography-47.0.0-cp38-abi3-musllinux_1_2_aarch64.whl", hash = "sha256:7a02675e2fabd0c0fc04c868b8781863cbf1967691543c22f5470500ff840b31", size = 4775506, upload-time = "2026-04-24T19:54:28.926Z" },
    { url = "https://files.pythonhosted.org/packages/70/75/158e494e4c08dc05e039da5bb48553826bd26c23930cf8d3cd5f21fa8921/cryptography-47.0.0-cp38-abi3-musllinux_1_2_x86_64.whl", hash = "sha256:80887c5cbd1774683cb126f0ab4184567f080071d5acf62205acb354b4b753b7", size = 4912060, upload-time = "2026-04-24T19:54:30.869Z" },
    { url = "https://files.pythonhosted.org/packages/06/bd/0a9d3edbf5eadbac926d7b9b3cd0c4be584eeeae4a003d24d9eda4affbbd/cryptography-47.0.0-cp38-abi3-win32.whl", hash = "sha256:ed67ea4e0cfb5faa5bc7ecb6e2b8838f3807a03758eec239d6c21c8769355310", size = 3248487, upload-time = "2026-04-24T19:54:33.494Z" },
    { url = "https://files.pythonhosted.org/packages/60/80/5681af756d0da3a599b7bdb586fac5a1540f1bcefd2717a20e611ddade45/cryptography-47.0.0-cp38-abi3-win_amd64.whl", hash = "sha256:835d2d7f47cdc53b3224e90810fb1d36ca94ea29cc1801fb4c1bc43876735769", size = 3755737, upload-time = "2026-04-24T19:54:35.408Z" },
]

[[package]]
name = "idna"
version = "3.13"
source = { registry = "https://pypi.org/simple" }
sdist = { url = "https://files.pythonhosted.org/packages/ce/cc/762dfb036166873f0059f3b7de4565e1b5bc3d6f28a414c13da27e442f99/idna-3.13.tar.gz", hash = "sha256:585ea8fe5d69b9181ec1afba340451fba6ba764af97026f92a91d4eef164a242", size = 194210, upload-time = "2026-04-22T16:42:42.314Z" }
wheels = [
    { url = "https://files.pythonhosted.org/packages/5d/13/ad7d7ca3808a898b4612b6fe93cde56b53f3034dcde235acb1f0e1df24c6/idna-3.13-py3-none-any.whl", hash = "sha256:892ea0cde124a99ce773decba204c5552b69c3c67ffd5f232eb7696135bc8bb3", size = 68629, upload-time = "2026-04-22T16:42:40.909Z" },
]

[[package]]
name = "isodate"
version = "0.7.2"
source = { registry = "https://pypi.org/simple" }
sdist = { url = "https://files.pythonhosted.org/packages/54/4d/e940025e2ce31a8ce1202635910747e5a87cc3a6a6bb2d00973375014749/isodate-0.7.2.tar.gz", hash = "sha256:4cd1aa0f43ca76f4a6c6c0292a85f40b35ec2e43e315b59f06e6d32171a953e6", size = 29705, upload-time = "2024-10-08T23:04:11.5Z" }
wheels = [
    { url = "https://files.pythonhosted.org/packages/15/aa/0aca39a37d3c7eb941ba736ede56d689e7be91cab5d9ca846bde3999eba6/isodate-0.7.2-py3-none-any.whl", hash = "sha256:28009937d8031054830160fce6d409ed342816b543597cece116d966c6d99e15", size = 22320, upload-time = "2024-10-08T23:04:09.501Z" },
]

[[package]]
name = "msal"
version = "1.36.0"
source = { registry = "https://pypi.org/simple" }
dependencies = [
    { name = "cryptography" },
    { name = "pyjwt", extra = ["crypto"] },
    { name = "requests" },
]
sdist = { url = "https://files.pythonhosted.org/packages/de/cb/b02b0f748ac668922364ccb3c3bff5b71628a05f5adfec2ba2a5c3031483/msal-1.36.0.tar.gz", hash = "sha256:3f6a4af2b036b476a4215111c4297b4e6e236ed186cd804faefba23e4990978b", size = 174217, upload-time = "2026-04-09T10:20:33.525Z" }
wheels = [
    { url = "https://files.pythonhosted.org/packages/2a/d3/414d1f0a5f6f4fe5313c2b002c54e78a3332970feb3f5fed14237aa17064/msal-1.36.0-py3-none-any.whl", hash = "sha256:36ecac30e2ff4322d956029aabce3c82301c29f0acb1ad89b94edcabb0e58ec4", size = 121547, upload-time = "2026-04-09T10:20:32.336Z" },
]

[[package]]
name = "msal-extensions"
version = "1.3.1"
source = { registry = "https://pypi.org/simple" }
dependencies = [
    { name = "msal" },
]
sdist = { url = "https://files.pythonhosted.org/packages/01/99/5d239b6156eddf761a636bded1118414d161bd6b7b37a9335549ed159396/msal_extensions-1.3.1.tar.gz", hash = "sha256:c5b0fd10f65ef62b5f1d62f4251d51cbcaf003fcedae8c91b040a488614be1a4", size = 23315, upload-time = "2025-03-14T23:51:03.902Z" }
wheels = [
    { url = "https://files.pythonhosted.org/packages/5e/75/bd9b7bb966668920f06b200e84454c8f3566b102183bc55c5473d96cb2b9/msal_extensions-1.3.1-py3-none-any.whl", hash = "sha256:96d3de4d034504e969ac5e85bae8106c8373b5c6568e4c8fa7af2eca9dbe6bca", size = 20583, upload-time = "2025-03-14T23:51:03.016Z" },
]

[[package]]
name = "msrest"
version = "0.7.1"
source = { registry = "https://pypi.org/simple" }
dependencies = [
    { name = "azure-core" },
    { name = "certifi" },
    { name = "isodate" },
    { name = "requests" },
    { name = "requests-oauthlib" },
]
sdist = { url = "https://files.pythonhosted.org/packages/68/77/8397c8fb8fc257d8ea0fa66f8068e073278c65f05acb17dcb22a02bfdc42/msrest-0.7.1.zip", hash = "sha256:6e7661f46f3afd88b75667b7187a92829924446c7ea1d169be8c4bb7eeb788b9", size = 175332, upload-time = "2022-06-13T22:41:25.111Z" }
wheels = [
    { url = "https://files.pythonhosted.org/packages/15/cf/f2966a2638144491f8696c27320d5219f48a072715075d168b31d3237720/msrest-0.7.1-py3-none-any.whl", hash = "sha256:21120a810e1233e5e6cc7fe40b474eeb4ec6f757a15d7cf86702c369f9567c32", size = 85384, upload-time = "2022-06-13T22:41:22.42Z" },
]

[[package]]
name = "mypy-extensions"
version = "1.1.0"
source = { registry = "https://pypi.org/simple" }
sdist = { url = "https://files.pythonhosted.org/packages/a2/6e/371856a3fb9d31ca8dac321cda606860fa4548858c0cc45d9d1d4ca2628b/mypy_extensions-1.1.0.tar.gz", hash = "sha256:52e68efc3284861e772bbcd66823fde5ae21fd2fdb51c62a211403730b916558", size = 6343, upload-time = "2025-04-22T14:54:24.164Z" }
wheels = [
    { url = "https://files.pythonhosted.org/packages/79/7b/2c79738432f5c924bef5071f933bcc9efd0473bac3b4aa584a6f7c1c8df8/mypy_extensions-1.1.0-py3-none-any.whl", hash = "sha256:1be4cccdb0f2482337c4743e60421de3a356cd97508abadd57d47403e94f5505", size = 4963, upload-time = "2025-04-22T14:54:22.983Z" },
]

[[package]]
name = "oauthlib"
version = "3.3.1"
source = { registry = "https://pypi.org/simple" }
sdist = { url = "https://files.pythonhosted.org/packages/0b/5f/19930f824ffeb0ad4372da4812c50edbd1434f678c90c2733e1188edfc63/oauthlib-3.3.1.tar.gz", hash = "sha256:0f0f8aa759826a193cf66c12ea1af1637f87b9b4622d46e866952bb022e538c9", size = 185918, upload-time = "2025-06-19T22:48:08.269Z" }
wheels = [
    { url = "https://files.pythonhosted.org/packages/be/9c/92789c596b8df838baa98fa71844d84283302f7604ed565dafe5a6b5041a/oauthlib-3.3.1-py3-none-any.whl", hash = "sha256:88119c938d2b8fb88561af5f6ee0eec8cc8d552b7bb1f712743136eb7523b7a1", size = 160065, upload-time = "2025-06-19T22:48:06.508Z" },
]

[[package]]
name = "packaging"
version = "26.2"
source = { registry = "https://pypi.org/simple" }
sdist = { url = "https://files.pythonhosted.org/packages/d7/f1/e7a6dd94a8d4a5626c03e4e99c87f241ba9e350cd9e6d75123f992427270/packaging-26.2.tar.gz", hash = "sha256:ff452ff5a3e828ce110190feff1178bb1f2ea2281fa2075aadb987c2fb221661", size = 228134, upload-time = "2026-04-24T20:15:23.917Z" }
wheels = [
    { url = "https://files.pythonhosted.org/packages/df/b2/87e62e8c3e2f4b32e5fe99e0b86d576da1312593b39f47d8ceef365e95ed/packaging-26.2-py3-none-any.whl", hash = "sha256:5fc45236b9446107ff2415ce77c807cee2862cb6fac22b8a73826d0693b0980e", size = 100195, upload-time = "2026-04-24T20:15:22.081Z" },
]

[[package]]
name = "pathspec"
version = "1.1.1"
source = { registry = "https://pypi.org/simple" }
sdist = { url = "https://files.pythonhosted.org/packages/5a/82/42f767fc1c1143d6fd36efb827202a2d997a375e160a71eb2888a925aac1/pathspec-1.1.1.tar.gz", hash = "sha256:17db5ecd524104a120e173814c90367a96a98d07c45b2e10c2f3919fff91bf5a", size = 135180, upload-time = "2026-04-27T01:46:08.907Z" }
wheels = [
    { url = "https://files.pythonhosted.org/packages/f1/d9/7fb5aa316bc299258e68c73ba3bddbc499654a07f151cba08f6153988714/pathspec-1.1.1-py3-none-any.whl", hash = "sha256:a00ce642f577bf7f473932318056212bc4f8bfdf53128c78bbd5af0b9b20b189", size = 57328, upload-time = "2026-04-27T01:46:07.06Z" },
]

[[package]]
name = "platformdirs"
version = "4.9.6"
source = { registry = "https://pypi.org/simple" }
sdist = { url = "https://files.pythonhosted.org/packages/9f/4a/0883b8e3802965322523f0b200ecf33d31f10991d0401162f4b23c698b42/platformdirs-4.9.6.tar.gz", hash = "sha256:3bfa75b0ad0db84096ae777218481852c0ebc6c727b3168c1b9e0118e458cf0a", size = 29400, upload-time = "2026-04-09T00:04:10.812Z" }
wheels = [
    { url = "https://files.pythonhosted.org/packages/75/a6/a0a304dc33b49145b21f4808d763822111e67d1c3a32b524a1baf947b6e1/platformdirs-4.9.6-py3-none-any.whl", hash = "sha256:e61adb1d5e5cb3441b4b7710bea7e4c12250ca49439228cc1021c00dcfac0917", size = 21348, upload-time = "2026-04-09T00:04:09.463Z" },
]

[[package]]
name = "pycparser"
version = "3.0"
source = { registry = "https://pypi.org/simple" }
sdist = { url = "https://files.pythonhosted.org/packages/1b/7d/92392ff7815c21062bea51aa7b87d45576f649f16458d78b7cf94b9ab2e6/pycparser-3.0.tar.gz", hash = "sha256:600f49d217304a5902ac3c37e1281c9fe94e4d0489de643a9504c5cdfdfc6b29", size = 103492, upload-time = "2026-01-21T14:26:51.89Z" }
wheels = [
    { url = "https://files.pythonhosted.org/packages/0c/c3/44f3fbbfa403ea2a7c779186dc20772604442dde72947e7d01069cbe98e3/pycparser-3.0-py3-none-any.whl", hash = "sha256:b727414169a36b7d524c1c3e31839a521725078d7b2ff038656844266160a992", size = 48172, upload-time = "2026-01-21T14:26:50.693Z" },
]

[[package]]
name = "pydo"
version = "0.33.0"
source = { registry = "https://pypi.org/simple" }
dependencies = [
    { name = "azure-core" },
    { name = "azure-identity" },
    { name = "isodate" },
    { name = "msrest" },
    { name = "typing-extensions" },
]
sdist = { url = "https://files.pythonhosted.org/packages/29/a3/e1bd05d12a6f930907ae6e1c352449c3ea7de9d7c7619ff27bbc6445acd8/pydo-0.33.0.tar.gz", hash = "sha256:815678b7c31fa8b0c4b92f42edd00fc17b6f7ef10bbc6c30d3e070227dcc3673", size = 2701761, upload-time = "2026-04-28T11:11:48.17Z" }
wheels = [
    { url = "https://files.pythonhosted.org/packages/90/90/4122cca0af92d9fc0f2cf9fd1ad8fdaa8679980da06250394a7ca17eb4d1/pydo-0.33.0-py3-none-any.whl", hash = "sha256:09672b6760834173e61d04a390385677dec63556de2e17899c28b4da5ce119b2", size = 2769244, upload-time = "2026-04-28T11:11:46.49Z" },
]

[[package]]
name = "pyjwt"
version = "2.12.1"
source = { registry = "https://pypi.org/simple" }
sdist = { url = "https://files.pythonhosted.org/packages/c2/27/a3b6e5bf6ff856d2509292e95c8f57f0df7017cf5394921fc4e4ef40308a/pyjwt-2.12.1.tar.gz", hash = "sha256:c74a7a2adf861c04d002db713dd85f84beb242228e671280bf709d765b03672b", size = 102564, upload-time = "2026-03-13T19:27:37.25Z" }
wheels = [
    { url = "https://files.pythonhosted.org/packages/e5/7a/8dd906bd22e79e47397a61742927f6747fe93242ef86645ee9092e610244/pyjwt-2.12.1-py3-none-any.whl", hash = "sha256:28ca37c070cad8ba8cd9790cd940535d40274d22f80ab87f3ac6a713e6e8454c", size = 29726, upload-time = "2026-03-13T19:27:35.677Z" },
]

[package.optional-dependencies]
crypto = [
    { name = "cryptography" },
]

[[package]]
name = "pytokens"
version = "0.4.1"
source = { registry = "https://pypi.org/simple" }
sdist = { url = "https://files.pythonhosted.org/packages/b6/34/b4e015b99031667a7b960f888889c5bd34ef585c85e1cb56a594b92836ac/pytokens-0.4.1.tar.gz", hash = "sha256:292052fe80923aae2260c073f822ceba21f3872ced9a68bb7953b348e561179a", size = 23015, upload-time = "2026-01-30T01:03:45.924Z" }
wheels = [
    { url = "https://files.pythonhosted.org/packages/8f/a7/b470f672e6fc5fee0a01d9e75005a0e617e162381974213a945fcd274843/pytokens-0.4.1-cp314-cp314-macosx_11_0_arm64.whl", hash = "sha256:4a14d5f5fc78ce85e426aa159489e2d5961acf0e47575e08f35584009178e321", size = 160821, upload-time = "2026-01-30T01:03:19.684Z" },
    { url = "https://files.pythonhosted.org/packages/80/98/e83a36fe8d170c911f864bfded690d2542bfcfacb9c649d11a9e6eb9dc41/pytokens-0.4.1-cp314-cp314-manylinux2014_aarch64.manylinux_2_17_aarch64.manylinux_2_28_aarch64.whl", hash = "sha256:97f50fd18543be72da51dd505e2ed20d2228c74e0464e4262e4899797803d7fa", size = 254263, upload-time = "2026-01-30T01:03:20.834Z" },
    { url = "https://files.pythonhosted.org/packages/0f/95/70d7041273890f9f97a24234c00b746e8da86df462620194cef1d411ddeb/pytokens-0.4.1-cp314-cp314-manylinux2014_x86_64.manylinux_2_17_x86_64.manylinux_2_28_x86_64.whl", hash = "sha256:dc74c035f9bfca0255c1af77ddd2d6ae8419012805453e4b0e7513e17904545d", size = 268071, upload-time = "2026-01-30T01:03:21.888Z" },
    { url = "https://files.pythonhosted.org/packages/da/79/76e6d09ae19c99404656d7db9c35dfd20f2086f3eb6ecb496b5b31163bad/pytokens-0.4.1-cp314-cp314-musllinux_1_2_x86_64.whl", hash = "sha256:f66a6bbe741bd431f6d741e617e0f39ec7257ca1f89089593479347cc4d13324", size = 271716, upload-time = "2026-01-30T01:03:23.633Z" },
    { url = "https://files.pythonhosted.org/packages/79/37/482e55fa1602e0a7ff012661d8c946bafdc05e480ea5a32f4f7e336d4aa9/pytokens-0.4.1-cp314-cp314-win_amd64.whl", hash = "sha256:b35d7e5ad269804f6697727702da3c517bb8a5228afa450ab0fa787732055fc9", size = 104539, upload-time = "2026-01-30T01:03:24.788Z" },
    { url = "https://files.pythonhosted.org/packages/30/e8/20e7db907c23f3d63b0be3b8a4fd1927f6da2395f5bcc7f72242bb963dfe/pytokens-0.4.1-cp314-cp314t-macosx_11_0_arm64.whl", hash = "sha256:8fcb9ba3709ff77e77f1c7022ff11d13553f3c30299a9fe246a166903e9091eb", size = 168474, upload-time = "2026-01-30T01:03:26.428Z" },
    { url = "https://files.pythonhosted.org/packages/d6/81/88a95ee9fafdd8f5f3452107748fd04c24930d500b9aba9738f3ade642cc/pytokens-0.4.1-cp314-cp314t-manylinux2014_aarch64.manylinux_2_17_aarch64.manylinux_2_28_aarch64.whl", hash = "sha256:79fc6b8699564e1f9b521582c35435f1bd32dd06822322ec44afdeba666d8cb3", size = 290473, upload-time = "2026-01-30T01:03:27.415Z" },
    { url = "https://files.pythonhosted.org/packages/cf/35/3aa899645e29b6375b4aed9f8d21df219e7c958c4c186b465e42ee0a06bf/pytokens-0.4.1-cp314-cp314t-manylinux2014_x86_64.manylinux_2_17_x86_64.manylinux_2_28_x86_64.whl", hash = "sha256:d31b97b3de0f61571a124a00ffe9a81fb9939146c122c11060725bd5aea79975", size = 303485, upload-time = "2026-01-30T01:03:28.558Z" },
    { url = "https://files.pythonhosted.org/packages/52/a0/07907b6ff512674d9b201859f7d212298c44933633c946703a20c25e9d81/pytokens-0.4.1-cp314-cp314t-musllinux_1_2_x86_64.whl", hash = "sha256:967cf6e3fd4adf7de8fc73cd3043754ae79c36475c1c11d514fc72cf5490094a", size = 306698, upload-time = "2026-01-30T01:03:29.653Z" },
    { url = "https://files.pythonhosted.org/packages/39/2a/cbbf9250020a4a8dd53ba83a46c097b69e5eb49dd14e708f496f548c6612/pytokens-0.4.1-cp314-cp314t-win_amd64.whl", hash = "sha256:584c80c24b078eec1e227079d56dc22ff755e0ba8654d8383b2c549107528918", size = 116287, upload-time = "2026-01-30T01:03:30.912Z" },
    { url = "https://files.pythonhosted.org/packages/c6/78/397db326746f0a342855b81216ae1f0a32965deccfd7c830a2dbc66d2483/pytokens-0.4.1-py3-none-any.whl", hash = "sha256:26cef14744a8385f35d0e095dc8b3a7583f6c953c2e3d269c7f82484bf5ad2de", size = 13729, upload-time = "2026-01-30T01:03:45.029Z" },
]

[[package]]
name = "requests"
version = "2.27.1"
source = { registry = "https://pypi.org/simple" }
dependencies = [
    { name = "certifi" },
    { name = "charset-normalizer" },
    { name = "idna" },
    { name = "urllib3" },
]
sdist = { url = "https://files.pythonhosted.org/packages/60/f3/26ff3767f099b73e0efa138a9998da67890793bfa475d8278f84a30fec77/requests-2.27.1.tar.gz", hash = "sha256:68d7c56fd5a8999887728ef304a6d12edc7be74f1cfa47714fc8b414525c9a61", size = 106758, upload-time = "2022-01-05T15:40:51.698Z" }
wheels = [
    { url = "https://files.pythonhosted.org/packages/2d/61/08076519c80041bc0ffa1a8af0cbd3bf3e2b62af10435d269a9d0f40564d/requests-2.27.1-py2.py3-none-any.whl", hash = "sha256:f22fa1e554c9ddfd16e6e41ac79759e17be9e492b3587efa038054674760e72d", size = 63133, upload-time = "2022-01-05T15:40:49.334Z" },
]

[[package]]
name = "requests-oauthlib"
version = "2.0.0"
source = { registry = "https://pypi.org/simple" }
dependencies = [
    { name = "oauthlib" },
    { name = "requests" },
]
sdist = { url = "https://files.pythonhosted.org/packages/42/f2/05f29bc3913aea15eb670be136045bf5c5bbf4b99ecb839da9b422bb2c85/requests-oauthlib-2.0.0.tar.gz", hash = "sha256:b3dffaebd884d8cd778494369603a9e7b58d29111bf6b41bdc2dcd87203af4e9", size = 55650, upload-time = "2024-03-22T20:32:29.939Z" }
wheels = [
    { url = "https://files.pythonhosted.org/packages/3b/5d/63d4ae3b9daea098d5d6f5da83984853c1bbacd5dc826764b249fe119d24/requests_oauthlib-2.0.0-py2.py3-none-any.whl", hash = "sha256:7dd8a5c40426b779b0868c404bdef9768deccf22749cde15852df527e6269b36", size = 24179, upload-time = "2024-03-22T20:32:28.055Z" },
]

[[package]]
name = "soupsieve"
version = "2.8.3"
source = { registry = "https://pypi.org/simple" }
sdist = { url = "https://files.pythonhosted.org/packages/7b/ae/2d9c981590ed9999a0d91755b47fc74f74de286b0f5cee14c9269041e6c4/soupsieve-2.8.3.tar.gz", hash = "sha256:3267f1eeea4251fb42728b6dfb746edc9acaffc4a45b27e19450b676586e8349", size = 118627, upload-time = "2026-01-20T04:27:02.457Z" }
wheels = [
    { url = "https://files.pythonhosted.org/packages/46/2c/1462b1d0a634697ae9e55b3cecdcb64788e8b7d63f54d923fcd0bb140aed/soupsieve-2.8.3-py3-none-any.whl", hash = "sha256:ed64f2ba4eebeab06cc4962affce381647455978ffc1e36bb79a545b91f45a95", size = 37016, upload-time = "2026-01-20T04:27:01.012Z" },
]

[[package]]
name = "tenacity"
version = "9.1.4"
source = { registry = "https://pypi.org/simple" }
sdist = { url = "https://files.pythonhosted.org/packages/47/c6/ee486fd809e357697ee8a44d3d69222b344920433d3b6666ccd9b374630c/tenacity-9.1.4.tar.gz", hash = "sha256:adb31d4c263f2bd041081ab33b498309a57c77f9acf2db65aadf0898179cf93a", size = 49413, upload-time = "2026-02-07T10:45:33.841Z" }
wheels = [
    { url = "https://files.pythonhosted.org/packages/d7/c1/eb8f9debc45d3b7918a32ab756658a0904732f75e555402972246b0b8e71/tenacity-9.1.4-py3-none-any.whl", hash = "sha256:6095a360c919085f28c6527de529e76a06ad89b23659fa881ae0649b867a9d55", size = 28926, upload-time = "2026-02-07T10:45:32.24Z" },
]

[[package]]
name = "typing-extensions"
version = "4.15.0"
source = { registry = "https://pypi.org/simple" }
sdist = { url = "https://files.pythonhosted.org/packages/72/94/1a15dd82efb362ac84269196e94cf00f187f7ed21c242792a923cdb1c61f/typing_extensions-4.15.0.tar.gz", hash = "sha256:0cea48d173cc12fa28ecabc3b837ea3cf6f38c6d1136f85cbaaf598984861466", size = 109391, upload-time = "2025-08-25T13:49:26.313Z" }
wheels = [
    { url = "https://files.pythonhosted.org/packages/18/67/36e9267722cc04a6b9f15c7f3441c2363321a3ea07da7ae0c0707beb2a9c/typing_extensions-4.15.0-py3-none-any.whl", hash = "sha256:f0fa19c6845758ab08074a0cfa8b7aecb71c999ca73d62883bc25cc018c4e548", size = 44614, upload-time = "2025-08-25T13:49:24.86Z" },
]

[[package]]
name = "urllib3"
version = "1.26.20"
source = { registry = "https://pypi.org/simple" }
sdist = { url = "https://files.pythonhosted.org/packages/e4/e8/6ff5e6bc22095cfc59b6ea711b687e2b7ed4bdb373f7eeec370a97d7392f/urllib3-1.26.20.tar.gz", hash = "sha256:40c2dc0c681e47eb8f90e7e27bf6ff7df2e677421fd46756da1161c39ca70d32", size = 307380, upload-time = "2024-08-29T15:43:11.37Z" }
wheels = [
    { url = "https://files.pythonhosted.org/packages/33/cf/8435d5a7159e2a9c83a95896ed596f68cf798005fe107cc655b5c5c14704/urllib3-1.26.20-py2.py3-none-any.whl", hash = "sha256:0ed14ccfbf1c30a9072c7ca157e4319b70d65f623e91e7b32fadb2853431016e", size = 144225, upload-time = "2024-08-29T15:43:08.921Z" },
]
